
Microsoft Visual Studio Solution File, Format Version 12.00
# Visual Studio Version 16
VisualStudioVersion = 16.0.30804.86
MinimumVisualStudioVersion = 10.0.40219.1
Project("{9A19103F-16F7-4668-BE54-9A1E7A4F7556}") = "GibsonsLeague.Data", "GibsonsLeague.Data\GibsonsLeague.Data.csproj", "{FD89D8D2-8708-4DDE-93D0-9CED0FB20127}"
EndProject
Project("{FAE04EC0-301F-11D3-BF4B-00C04F79EFBC}") = "GibsonsLeague.Core", "GibsonsLeague.Core\GibsonsLeague.Core.csproj", "{24C6AC4C-EA60-4CE2-B5C1-D477F00376E1}"
EndProject
Project("{FAE04EC0-301F-11D3-BF4B-00C04F79EFBC}") = "GibsonsLeague.Api", "GibsonsLeague.Api\GibsonsLeague.Api.csproj", "{219ABEA6-1AE3-416B-9418-10696B734382}"
EndProject
Global
	GlobalSection(SolutionConfigurationPlatforms) = preSolution
		Debug|Any CPU = Debug|Any CPU
		Release|Any CPU = Release|Any CPU
	EndGlobalSection
	GlobalSection(ProjectConfigurationPlatforms) = postSolution
		{FD89D8D2-8708-4DDE-93D0-9CED0FB20127}.Debug|Any CPU.ActiveCfg = Debug|Any CPU
		{FD89D8D2-8708-4DDE-93D0-9CED0FB20127}.Debug|Any CPU.Build.0 = Debug|Any CPU
		{FD89D8D2-8708-4DDE-93D0-9CED0FB20127}.Release|Any CPU.ActiveCfg = Release|Any CPU
		{FD89D8D2-8708-4DDE-93D0-9CED0FB20127}.Release|Any CPU.Build.0 = Release|Any CPU
		{24C6AC4C-EA60-4CE2-B5C1-D477F00376E1}.Debug|Any CPU.ActiveCfg = Debug|Any CPU
		{24C6AC4C-EA60-4CE2-B5C1-D477F00376E1}.Debug|Any CPU.Build.0 = Debug|Any CPU
		{24C6AC4C-EA60-4CE2-B5C1-D477F00376E1}.Release|Any CPU.ActiveCfg = Release|Any CPU
		{24C6AC4C-EA60-4CE2-B5C1-D477F00376E1}.Release|Any CPU.Build.0 = Release|Any CPU
		{219ABEA6-1AE3-416B-9418-10696B734382}.Debug|Any CPU.ActiveCfg = Debug|Any CPU
		{219ABEA6-1AE3-416B-9418-10696B734382}.Debug|Any CPU.Build.0 = Debug|Any CPU
		{219ABEA6-1AE3-416B-9418-10696B734382}.Release|Any CPU.ActiveCfg = Release|Any CPU
		{219ABEA6-1AE3-416B-9418-10696B734382}.Release|Any CPU.Build.0 = Release|Any CPU
	EndGlobalSection
	GlobalSection(SolutionProperties) = preSolution
		HideSolutionNode = FALSE
	EndGlobalSection
	GlobalSection(ExtensibilityGlobals) = postSolution
		SolutionGuid = {ED008C50-0724-4837-B1C6-F6F92D83F495}
	EndGlobalSection
EndGlobal
